// !$*UTF8*$!
{
	archiveVersion = 1;
	classes = {
	};
	objectVersion = 77;
	objects = {

/* Begin PBXContainerItemProxy section */
		220000000000000000000001 /* PBXContainerItemProxy */ = {
			isa = PBXContainerItemProxy;
			containerPortal = 110000000000000000000001 /* Project object */;
			proxyType = 1;
			remoteGlobalIDString = 330000000000000000000001;
			remoteInfo = StudyBlock;
		};
/* End PBXContainerItemProxy section */

/* Begin PBXFileReference section */
		440000000000000000000001 /* Study Block.app */ = {isa = PBXFileReference; explicitFileType = wrapper.application; includeInIndex = 0; path = "Study Block.app"; sourceTree = BUILT_PRODUCTS_DIR; };
		440000000000000000000002 /* StudyBlockTests.xctest */ = {isa = PBXFileReference; explicitFileType = wrapper.cfbundle; includeInIndex = 0; path = StudyBlockTests.xctest; sourceTree = BUILT_PRODUCTS_DIR; };
/* End PBXFileReference section */

/* Begin PBXFileSystemSynchronizedBuildFileExceptionSet section */
		550000000000000000000001 /* Exceptions for StudyBlock */ = {
			isa = PBXFileSystemSynchronizedBuildFileExceptionSet;
			membershipExceptions = (
				Resources/Info.plist,
				Resources/StudyBlock.entitlements,
			);
			target = 330000000000000000000001 /* StudyBlock */;
		};
/* End PBXFileSystemSynchronizedBuildFileExceptionSet section */

/* Begin PBXFileSystemSynchronizedRootGroup section */
		660000000000000000000001 /* StudyBlock */ = {
			isa = PBXFileSystemSynchronizedRootGroup;
			exceptions = (
				550000000000000000000001 /* Exceptions for StudyBlock */,
			);
			path = StudyBlock;
			sourceTree = "<group>";
		};
		660000000000000000000002 /* StudyBlockTests */ = {
			isa = PBXFileSystemSynchronizedRootGroup;
			path = StudyBlockTests;
			sourceTree = "<group>";
		};
/* End PBXFileSystemSynchronizedRootGroup section */

/* Begin PBXFrameworksBuildPhase section */
		770000000000000000000001 /* Frameworks */ = {
			isa = PBXFrameworksBuildPhase;
			buildActionMask = 2147483647;
			files = (
			);
			runOnlyForDeploymentPostprocessing = 0;
		};
		770000000000000000000002 /* Frameworks */ = {
			isa = PBXFrameworksBuildPhase;
			buildActionMask = 2147483647;
			files = (
			);
			runOnlyForDeploymentPostprocessing = 0;
		};
/* End PBXFrameworksBuildPhase section */

/* Begin PBXGroup section */
		880000000000000000000001 = {
			isa = PBXGroup;
			children = (
				660000000000000000000001 /* StudyBlock */,
				660000000000000000000002 /* StudyBlockTests */,
				880000000000000000000002 /* Products */,
			);
			sourceTree = "<group>";
		};
		880000000000000000000002 /* Products */ = {
			isa = PBXGroup;
			children = (
				440000000000000000000001 /* Study Block.app */,
				440000000000000000000002 /* StudyBlockTests.xctest */,
			);
			name = Products;
			sourceTree = "<group>";
		};
/* End PBXGroup section */

/* Begin PBXNativeTarget section */
		330000000000000000000001 /* StudyBlock */ = {
			isa = PBXNativeTarget;
			buildConfigurationList = 990000000000000000000001 /* Build configuration list for PBXNativeTarget "StudyBlock" */;
			buildPhases = (
				AA0000000000000000000001 /* Sources */,
				770000000000000000000001 /* Frameworks */,
				BB0000000000000000000001 /* Resources */,
			);
			buildRules = (
			);
			dependencies = (
			);
			fileSystemSynchronizedGroups = (
				660000000000000000000001 /* StudyBlock */,
			);
			name = StudyBlock;
			packageProductDependencies = (
			);
			productName = StudyBlock;
			productReference = 440000000000000000000001 /* Study Block.app */;
			productType = "com.apple.product-type.application";
		};
		330000000000000000000002 /* StudyBlockTests */ = {
			isa = PBXNativeTarget;
			buildConfigurationList = 990000000000000000000002 /* Build configuration list for PBXNativeTarget "StudyBlockTests" */;
			buildPhases = (
				AA0000000000000000000002 /* Sources */,
				770000000000000000000002 /* Frameworks */,
				BB0000000000000000000002 /* Resources */,
			);
			buildRules = (
			);
			dependencies = (
				CC0000000000000000000001 /* PBXTargetDependency */,
			);
			fileSystemSynchronizedGroups = (
				660000000000000000000002 /* StudyBlockTests */,
			);
			name = StudyBlockTests;
			packageProductDependencies = (
			);
			productName = StudyBlockTests;
			productReference = 440000000000000000000002 /* StudyBlockTests.xctest */;
			productType = "com.apple.product-type.bundle.unit-test";
		};
/* End PBXNativeTarget section */

/* Begin PBXProject section */
		110000000000000000000001 /* Project object */ = {
			isa = PBXProject;
			attributes = {
				BuildIndependentTargetsInParallel = 1;
				LastSwiftUpdateCheck = 2600;
				LastUpgradeCheck = 2600;
				TargetAttributes = {
					330000000000000000000001 = {
						CreatedOnToolsVersion = 26.0;
					};
					330000000000000000000002 = {
						CreatedOnToolsVersion = 26.0;
						TestTargetID = 330000000000000000000001;
					};
				};
			};
			buildConfigurationList = 990000000000000000000003 /* Build configuration list for PBXProject "StudyBlock" */;
			developmentRegion = en;
			hasScannedForEncodings = 0;
			knownRegions = (
				en,
				Base,
			);
			mainGroup = 880000000000000000000001;
			minimizedProjectReferenceProxies = 1;
			preferredProjectObjectVersion = 77;
			productRefGroup = 880000000000000000000002 /* Products */;
			projectDirPath = "";
			projectRoot = "";
			targets = (
				330000000000000000000001 /* StudyBlock */,
				330000000000000000000002 /* StudyBlockTests */,
			);
		};
/* End PBXProject section */

/* Begin PBXResourcesBuildPhase section */
		BB0000000000000000000001 /* Resources */ = {
			isa = PBXResourcesBuildPhase;
			buildActionMask = 2147483647;
			files = (
			);
			runOnlyForDeploymentPostprocessing = 0;
		};
		BB0000000000000000000002 /* Resources */ = {
			isa = PBXResourcesBuildPhase;
			buildActionMask = 2147483647;
			files = (
			);
			runOnlyForDeploymentPostprocessing = 0;
		};
/* End PBXResourcesBuildPhase section */

/* Begin PBXSourcesBuildPhase section */
		AA0000000000000000000001 /* Sources */ = {
			isa = PBXSourcesBuildPhase;
			buildActionMask = 2147483647;
			files = (
			);
			runOnlyForDeploymentPostprocessing = 0;
		};
		AA0000000000000000000002 /* Sources */ = {
			isa = PBXSourcesBuildPhase;
			buildActionMask = 2147483647;
			files = (
			);
			runOnlyForDeploymentPostprocessing = 0;
		};
/* End PBXSourcesBuildPhase section */

/* Begin PBXTargetDependency section */
		CC0000000000000000000001 /* PBXTargetDependency */ = {
			isa = PBXTargetDependency;
			target = 330000000000000000000001 /* StudyBlock */;
			targetProxy = 220000000000000000000001 /* PBXContainerItemProxy */;
		};
/* End PBXTargetDependency section */

/* Begin XCBuildConfiguration section */
		DD0000000000000000000001 /* Debug */ = {
			isa = XCBuildConfiguration;
			buildSettings = {
				ALWAYS_SEARCH_USER_PATHS = NO;
				CLANG_ENABLE_MODULES = YES;
				CLANG_ENABLE_OBJC_ARC = YES;
				COPY_PHASE_STRIP = NO;
				DEBUG_INFORMATION_FORMAT = dwarf;
				ENABLE_TESTABILITY = YES;
				GCC_C_LANGUAGE_STANDARD = gnu17;
				GCC_NO_COMMON_BLOCKS = YES;
				MACOSX_DEPLOYMENT_TARGET = 15.0;
				MTL_ENABLE_DEBUG_INFO = INCLUDE_SOURCE;
				ONLY_ACTIVE_ARCH = YES;
				SDKROOT = macosx;
				SWIFT_ACTIVE_COMPILATION_CONDITIONS = "DEBUG $(inherited)";
				SWIFT_OPTIMIZATION_LEVEL = "-Onone";
			};
			name = Debug;
		};
		DD0000000000000000000002 /* Release */ = {
			isa = XCBuildConfiguration;
			buildSettings = {
				ALWAYS_SEARCH_USER_PATHS = NO;
				CLANG_ENABLE_MODULES = YES;
				CLANG_ENABLE_OBJC_ARC = YES;
				DEBUG_INFORMATION_FORMAT = "dwarf-with-dsym";
				ENABLE_NS_ASSERTIONS = NO;
				GCC_C_LANGUAGE_STANDARD = gnu17;
				GCC_NO_COMMON_BLOCKS = YES;
				MACOSX_DEPLOYMENT_TARGET = 15.0;
				SDKROOT = macosx;
				SWIFT_COMPILATION_MODE = wholemodule;
				SWIFT_OPTIMIZATION_LEVEL = "-O";
				VALIDATE_PRODUCT = YES;
			};
			name = Release;
		};
		DD0000000000000000000003 /* Debug */ = {
			isa = XCBuildConfiguration;
			buildSettings = {
				ASSETCATALOG_COMPILER_APPICON_NAME = AppIcon;
				CODE_SIGN_ENTITLEMENTS = StudyBlock/Resources/StudyBlock.entitlements;
				CODE_SIGN_STYLE = Automatic;
				COMBINE_HIDPI_IMAGES = YES;
				CURRENT_PROJECT_VERSION = 1.1.1;
				ENABLE_APP_SANDBOX = NO;
				ENABLE_HARDENED_RUNTIME = YES;
				GENERATE_INFOPLIST_FILE = NO;
				INFOPLIST_FILE = StudyBlock/Resources/Info.plist;
				LD_RUNPATH_SEARCH_PATHS = (
					"$(inherited)",
					"@executable_path/../Frameworks",
				);
				MACOSX_DEPLOYMENT_TARGET = 15.0;
				MARKETING_VERSION = 1.1.1;
				PRODUCT_BUNDLE_IDENTIFIER = com.jay.studyblock;
				PRODUCT_NAME = "Study Block";
				SWIFT_EMIT_LOC_STRINGS = YES;
				SWIFT_VERSION = 6.0;
			};
			name = Debug;
		};
		DD0000000000000000000004 /* Release */ = {
			isa = XCBuildConfiguration;
			buildSettings = {
				ASSETCATALOG_COMPILER_APPICON_NAME = AppIcon;
				CODE_SIGN_ENTITLEMENTS = StudyBlock/Resources/StudyBlock.entitlements;
				CODE_SIGN_STYLE = Automatic;
				COMBINE_HIDPI_IMAGES = YES;
				CURRENT_PROJECT_VERSION = 1.1.1;
				ENABLE_APP_SANDBOX = NO;
				ENABLE_HARDENED_RUNTIME = YES;
				GENERATE_INFOPLIST_FILE = NO;
				INFOPLIST_FILE = StudyBlock/Resources/Info.plist;
				LD_RUNPATH_SEARCH_PATHS = (
					"$(inherited)",
					"@executable_path/../Frameworks",
				);
				MACOSX_DEPLOYMENT_TARGET = 15.0;
				MARKETING_VERSION = 1.1.1;
				PRODUCT_BUNDLE_IDENTIFIER = com.jay.studyblock;
				PRODUCT_NAME = "Study Block";
				SWIFT_EMIT_LOC_STRINGS = YES;
				SWIFT_VERSION = 6.0;
			};
			name = Release;
		};
		DD0000000000000000000005 /* Debug */ = {
			isa = XCBuildConfiguration;
			buildSettings = {
				BUNDLE_LOADER = "$(TEST_HOST)";
				CODE_SIGN_STYLE = Automatic;
				GENERATE_INFOPLIST_FILE = YES;
				MACOSX_DEPLOYMENT_TARGET = 15.0;
				PRODUCT_BUNDLE_IDENTIFIER = com.jay.studyblock.tests;
				PRODUCT_NAME = "$(TARGET_NAME)";
				SWIFT_VERSION = 6.0;
				TEST_HOST = "$(BUILT_PRODUCTS_DIR)/Study Block.app/Contents/MacOS/Study Block";
			};
			name = Debug;
		};
		DD0000000000000000000006 /* Release */ = {
			isa = XCBuildConfiguration;
			buildSettings = {
				BUNDLE_LOADER = "$(TEST_HOST)";
				CODE_SIGN_STYLE = Automatic;
				GENERATE_INFOPLIST_FILE = YES;
				MACOSX_DEPLOYMENT_TARGET = 15.0;
				PRODUCT_BUNDLE_IDENTIFIER = com.jay.studyblock.tests;
				PRODUCT_NAME = "$(TARGET_NAME)";
				SWIFT_VERSION = 6.0;
				TEST_HOST = "$(BUILT_PRODUCTS_DIR)/Study Block.app/Contents/MacOS/Study Block";
			};
			name = Release;
		};
/* End XCBuildConfiguration section */

/* Begin XCConfigurationList section */
		990000000000000000000001 /* Build configuration list for PBXNativeTarget "StudyBlock" */ = {
			isa = XCConfigurationList;
			buildConfigurations = (
				DD0000000000000000000003 /* Debug */,
				DD0000000000000000000004 /* Release */,
			);
			defaultConfigurationIsVisible = 0;
			defaultConfigurationName = Release;
		};
		990000000000000000000002 /* Build configuration list for PBXNativeTarget "StudyBlockTests" */ = {
			isa = XCConfigurationList;
			buildConfigurations = (
				DD0000000000000000000005 /* Debug */,
				DD0000000000000000000006 /* Release */,
			);
			defaultConfigurationIsVisible = 0;
			defaultConfigurationName = Release;
		};
		990000000000000000000003 /* Build configuration list for PBXProject "StudyBlock" */ = {
			isa = XCConfigurationList;
			buildConfigurations = (
				DD0000000000000000000001 /* Debug */,
				DD0000000000000000000002 /* Release */,
			);
			defaultConfigurationIsVisible = 0;
			defaultConfigurationName = Release;
		};
/* End XCConfigurationList section */
	};
	rootObject = 110000000000000000000001 /* Project object */;
}
